
Microsoft Visual Studio Solution File, Format Version 11.00
# Visual Studio 2010
Project("{FAE04EC0-301F-11D3-BF4B-00C04F79EFBC}") = "VR Turret Shooter (Newer)", "Assembly-CSharp.csproj", "{46B146A0-C53E-25FB-31D7-FBAAEE0E1B8E}"
EndProject
Project("{FAE04EC0-301F-11D3-BF4B-00C04F79EFBC}") = "VR Turret Shooter (Newer)", "Assembly-CSharp-Editor.csproj", "{05AAF2A3-CF61-953B-EE4A-0BFE41A6EBEF}"
EndProject
Global
	GlobalSection(SolutionConfigurationPlatforms) = preSolution
		Debug|Any CPU = Debug|Any CPU
		Release|Any CPU = Release|Any CPU
	EndGlobalSection
	GlobalSection(ProjectConfigurationPlatforms) = postSolution
		{46B146A0-C53E-25FB-31D7-FBAAEE0E1B8E}.Debug|Any CPU.ActiveCfg = Debug|Any CPU
		{46B146A0-C53E-25FB-31D7-FBAAEE0E1B8E}.Debug|Any CPU.Build.0 = Debug|Any CPU
		{46B146A0-C53E-25FB-31D7-FBAAEE0E1B8E}.Release|Any CPU.ActiveCfg = Release|Any CPU
		{46B146A0-C53E-25FB-31D7-FBAAEE0E1B8E}.Release|Any CPU.Build.0 = Release|Any CPU
		{05AAF2A3-CF61-953B-EE4A-0BFE41A6EBEF}.Debug|Any CPU.ActiveCfg = Debug|Any CPU
		{05AAF2A3-CF61-953B-EE4A-0BFE41A6EBEF}.Debug|Any CPU.Build.0 = Debug|Any CPU
		{05AAF2A3-CF61-953B-EE4A-0BFE41A6EBEF}.Release|Any CPU.ActiveCfg = Release|Any CPU
		{05AAF2A3-CF61-953B-EE4A-0BFE41A6EBEF}.Release|Any CPU.Build.0 = Release|Any CPU
	EndGlobalSection
	GlobalSection(SolutionProperties) = preSolution
		HideSolutionNode = FALSE
	EndGlobalSection
	GlobalSection(MonoDevelopProperties) = preSolution
		StartupItem = Assembly-CSharp.csproj
	EndGlobalSection
EndGlobal
